
Microsoft Visual Studio Solution File, Format Version 12.00
# Visual Studio Version 16
VisualStudioVersion = 16.0.30011.22
MinimumVisualStudioVersion = 10.0.40219.1
Project("{FAE04EC0-301F-11D3-BF4B-00C04F79EFBC}") = "Desktop", "Desktop\Desktop.csproj", "{7235A3D2-A89F-4590-B9E3-903B8F5A1905}"
EndProject
Project("{FAE04EC0-301F-11D3-BF4B-00C04F79EFBC}") = "Entities", "Entities\Entities.csproj", "{3BF87CBF-3498-422D-84FA-E21E0F586E25}"
EndProject
Global
	GlobalSection(SolutionConfigurationPlatforms) = preSolution
		Debug|Any CPU = Debug|Any CPU
		Release|Any CPU = Release|Any CPU
	EndGlobalSection
	GlobalSection(ProjectConfigurationPlatforms) = postSolution
		{7235A3D2-A89F-4590-B9E3-903B8F5A1905}.Debug|Any CPU.ActiveCfg = Debug|Any CPU
		{7235A3D2-A89F-4590-B9E3-903B8F5A1905}.Debug|Any CPU.Build.0 = Debug|Any CPU
		{7235A3D2-A89F-4590-B9E3-903B8F5A1905}.Release|Any CPU.ActiveCfg = Release|Any CPU
		{7235A3D2-A89F-4590-B9E3-903B8F5A1905}.Release|Any CPU.Build.0 = Release|Any CPU
		{3BF87CBF-3498-422D-84FA-E21E0F586E25}.Debug|Any CPU.ActiveCfg = Debug|Any CPU
		{3BF87CBF-3498-422D-84FA-E21E0F586E25}.Debug|Any CPU.Build.0 = Debug|Any CPU
		{3BF87CBF-3498-422D-84FA-E21E0F586E25}.Release|Any CPU.ActiveCfg = Release|Any CPU
		{3BF87CBF-3498-422D-84FA-E21E0F586E25}.Release|Any CPU.Build.0 = Release|Any CPU
	EndGlobalSection
	GlobalSection(SolutionProperties) = preSolution
		HideSolutionNode = FALSE
	EndGlobalSection
	GlobalSection(ExtensibilityGlobals) = postSolution
		SolutionGuid = {08106A4E-425E-4E9D-AF7D-30DEAF593B67}
	EndGlobalSection
EndGlobal
